
Microsoft Visual Studio Solution File, Format Version 12.00
# Visual Studio Version 16
VisualStudioVersion = 16.0.30907.101
MinimumVisualStudioVersion = 10.0.40219.1
Project("{FAE04EC0-301F-11D3-BF4B-00C04F79EFBC}") = "ImageProcessing", "ImageProcessing\ImageProcessing.csproj", "{214E0E74-B51B-42DD-8B8D-06BEA18927C3}"
EndProject
Global
	GlobalSection(SolutionConfigurationPlatforms) = preSolution
		Debug|Any CPU = Debug|Any CPU
		Release|Any CPU = Release|Any CPU
	EndGlobalSection
	GlobalSection(ProjectConfigurationPlatforms) = postSolution
		{214E0E74-B51B-42DD-8B8D-06BEA18927C3}.Debug|Any CPU.ActiveCfg = Debug|Any CPU
		{214E0E74-B51B-42DD-8B8D-06BEA18927C3}.Debug|Any CPU.Build.0 = Debug|Any CPU
		{214E0E74-B51B-42DD-8B8D-06BEA18927C3}.Release|Any CPU.ActiveCfg = Release|Any CPU
		{214E0E74-B51B-42DD-8B8D-06BEA18927C3}.Release|Any CPU.Build.0 = Release|Any CPU
	EndGlobalSection
	GlobalSection(SolutionProperties) = preSolution
		HideSolutionNode = FALSE
	EndGlobalSection
	GlobalSection(ExtensibilityGlobals) = postSolution
		SolutionGuid = {3CF0D02F-1CB9-4B4F-8F98-936F0FF2907A}
	EndGlobalSection
EndGlobal
